
Microsoft Visual Studio Solution File, Format Version 12.00
# Visual Studio Version 17
VisualStudioVersion = 17.14.36616.10 d17.14
MinimumVisualStudioVersion = 10.0.40219.1
Project("{FAE04EC0-301F-11D3-BF4B-00C04F79EFBC}") = "ChatBot_API", "ChatBot_API\ChatBot_API.csproj", "{423AE39F-011F-4DA4-8177-FE266D350168}"
EndProject
Global
	GlobalSection(SolutionConfigurationPlatforms) = preSolution
		Debug|Any CPU = Debug|Any CPU
		Release|Any CPU = Release|Any CPU
	EndGlobalSection
	GlobalSection(ProjectConfigurationPlatforms) = postSolution
		{423AE39F-011F-4DA4-8177-FE266D350168}.Debug|Any CPU.ActiveCfg = Debug|Any CPU
		{423AE39F-011F-4DA4-8177-FE266D350168}.Debug|Any CPU.Build.0 = Debug|Any CPU
		{423AE39F-011F-4DA4-8177-FE266D350168}.Release|Any CPU.ActiveCfg = Release|Any CPU
		{423AE39F-011F-4DA4-8177-FE266D350168}.Release|Any CPU.Build.0 = Release|Any CPU
	EndGlobalSection
	GlobalSection(SolutionProperties) = preSolution
		HideSolutionNode = FALSE
	EndGlobalSection
	GlobalSection(ExtensibilityGlobals) = postSolution
		SolutionGuid = {8E938047-F7D7-4629-B9BC-A4BE52CEC465}
	EndGlobalSection
EndGlobal
